<?xml version="1.0" encoding="utf-8"?>
<Project ToolsVersion="4.0" xmlns="http://schemas.microsoft.com/developer/msbuild/2003">
  <ItemGroup>
    <Filter Include="Source Files">
      <UniqueIdentifier>{4FC737F1-C7A5-4376-A066-2A32D752A2FF}</UniqueIdentifier>
      <Extensions>cpp;c;cc;cxx;def;odl;idl;hpj;bat;asm;asmx</Extensions>
    </Filter>
    <Filter Include="Header Files">
      <UniqueIdentifier>{93995380-89BD-4b04-88EB-625FBE52EBFB}</UniqueIdentifier>
      <Extensions>h;hh;hpp;hxx;hm;inl;inc;xsd</Extensions>
    </Filter>
    <Filter Include="Resource Files">
      <UniqueIdentifier>{67DA6AB6-F800-4c08-8B7A-83BB121AAD01}</UniqueIdentifier>
      <Extensions>rc;ico;cur;bmp;dlg;rc2;rct;bin;rgs;gif;jpg;jpeg;jpe;resx;tiff;tif;png;wav;mfcribbon-ms</Extensions>
    </Filter>
    <Filter Include="Header Files\chemu">
      <UniqueIdentifier>{de55ec09-1385-45e7-9fd0-201c534b83b5}</UniqueIdentifier>
    </Filter>
  </ItemGroup>
  <ItemGroup>
    <ClCompile Include="..\..\chemu\src\display.c">
      <Filter>Source Files</Filter>
    </ClCompile>
    <ClCompile Include="..\..\chemu\src\emulation.c">
      <Filter>Source Files</Filter>
    </ClCompile>
    <ClCompile Include="..\..\chemu\src\input.c">
      <Filter>Source Files</Filter>
    </ClCompile>
    <ClCompile Include="..\..\chemu\src\instructions.c">
      <Filter>Source Files</Filter>
    </ClCompile>
    <ClCompile Include="..\..\chemu\src\instructions_a.c">
      <Filter>Source Files</Filter>
    </ClCompile>
    <ClCompile Include="..\..\chemu\src\instructions_i.c">
      <Filter>Source Files</Filter>
    </ClCompile>
    <ClCompile Include="..\..\chemu\src\instructions_r.c">
      <Filter>Source Files</Filter>
    </ClCompile>
    <ClCompile Include="..\..\chemu\src\instructions_v.c">
      <Filter>Source Files</Filter>
    </ClCompile>
    <ClCompile Include="..\..\chemu\src\memory.c">
      <Filter>Source Files</Filter>
    </ClCompile>
    <ClCompile Include="..\..\chemu\src\stack.c">
      <Filter>Source Files</Filter>
    </ClCompile>
    <ClCompile Include="..\..\chemu\src\timer.c">
      <Filter>Source Files</Filter>
    </ClCompile>
    <ClCompile Include="..\..\chemu\src\decode.c">
      <Filter>Source Files</Filter>
    </ClCompile>
    <ClCompile Include="..\..\chemu\src\logger.c">
      <Filter>Source Files</Filter>
    </ClCompile>
  </ItemGroup>
  <ItemGroup>
    <ClInclude Include="..\..\chemu\include\chemu.h">
      <Filter>Header Files</Filter>
    </ClInclude>
    <ClInclude Include="..\..\chemu\include\chemu\ChipAddress.h">
      <Filter>Header Files\chemu</Filter>
    </ClInclude>
    <ClInclude Include="..\..\chemu\include\chemu\ChipDisplay.h">
      <Filter>Header Files\chemu</Filter>
    </ClInclude>
    <ClInclude Include="..\..\chemu\include\chemu\ChipDP.h">
      <Filter>Header Files\chemu</Filter>
    </ClInclude>
    <ClInclude Include="..\..\chemu\include\chemu\ChipDrawCallback.h">
      <Filter>Header Files\chemu</Filter>
    </ClInclude>
    <ClInclude Include="..\..\chemu\include\chemu\ChipEmu.h">
      <Filter>Header Files\chemu</Filter>
    </ClInclude>
    <ClInclude Include="..\..\chemu\include\chemu\ChipInput.h">
      <Filter>Header Files\chemu</Filter>
    </ClInclude>
    <ClInclude Include="..\..\chemu\include\chemu\ChipInst.h">
      <Filter>Header Files\chemu</Filter>
    </ClInclude>
    <ClInclude Include="..\..\chemu\include\chemu\ChipInstDec.h">
      <Filter>Header Files\chemu</Filter>
    </ClInclude>
    <ClInclude Include="..\..\chemu\include\chemu\ChipInstFunc.h">
      <Filter>Header Files\chemu</Filter>
    </ClInclude>
    <ClInclude Include="..\..\chemu\include\chemu\ChipMem.h">
      <Filter>Header Files\chemu</Filter>
    </ClInclude>
    <ClInclude Include="..\..\chemu\include\chemu\ChipOp.h">
      <Filter>Header Files\chemu</Filter>
    </ClInclude>
    <ClInclude Include="..\..\chemu\include\chemu\ChipRedrawCallback.h">
      <Filter>Header Files\chemu</Filter>
    </ClInclude>
    <ClInclude Include="..\..\chemu\include\chemu\ChipReg.h">
      <Filter>Header Files\chemu</Filter>
    </ClInclude>
    <ClInclude Include="..\..\chemu\include\chemu\ChipSprite.h">
      <Filter>Header Files\chemu</Filter>
    </ClInclude>
    <ClInclude Include="..\..\chemu\include\chemu\ChipStack.h">
      <Filter>Header Files\chemu</Filter>
    </ClInclude>
    <ClInclude Include="..\..\chemu\include\chemu\ChipTimer.h">
      <Filter>Header Files\chemu</Filter>
    </ClInclude>
    <ClInclude Include="..\..\chemu\include\chemu\decode.h">
      <Filter>Header Files\chemu</Filter>
    </ClInclude>
    <ClInclude Include="..\..\chemu\include\chemu\display.h">
      <Filter>Header Files\chemu</Filter>
    </ClInclude>
    <ClInclude Include="..\..\chemu\include\chemu\emulation.h">
      <Filter>Header Files\chemu</Filter>
    </ClInclude>
    <ClInclude Include="..\..\chemu\include\chemu\input.h">
      <Filter>Header Files\chemu</Filter>
    </ClInclude>
    <ClInclude Include="..\..\chemu\include\chemu\instructions.h">
      <Filter>Header Files\chemu</Filter>
    </ClInclude>
    <ClInclude Include="..\..\chemu\include\chemu\memory.h">
      <Filter>Header Files\chemu</Filter>
    </ClInclude>
    <ClInclude Include="..\..\chemu\include\chemu\stack.h">
      <Filter>Header Files\chemu</Filter>
    </ClInclude>
    <ClInclude Include="..\..\chemu\include\chemu\timer.h">
      <Filter>Header Files\chemu</Filter>
    </ClInclude>
    <ClInclude Include="..\..\chemu\include\inline.h">
      <Filter>Header Files</Filter>
    </ClInclude>
    <ClInclude Include="..\..\chemu\include\export.h">
      <Filter>Header Files</Filter>
    </ClInclude>
    <ClInclude Include="..\..\chemu\include\chemu\logger.h">
      <Filter>Header Files\chemu</Filter>
    </ClInclude>
  </ItemGroup>
  <ItemGroup>
    <None Include="..\..\chemu\include\chemu\memory.ipp">
      <Filter>Header Files\chemu</Filter>
    </None>
    <None Include="..\..\chemu\include\chemu\stack.ipp">
      <Filter>Header Files\chemu</Filter>
    </None>
  </ItemGroup>
</Project>